// !$*UTF8*$!
{
	archiveVersion = 1;
	classes = {
	};
	objectVersion = 55;
	objects = {

/* Begin PBXBuildFile section */
		6F5A9DC828F5487A00A9AB50 /* AppDelegate.swift in Sources */ = {isa = PBXBuildFile; fileRef = 6F5A9DC728F5487A00A9AB50 /* AppDelegate.swift */; };
		6F5A9DCA28F5487A00A9AB50 /* SceneDelegate.swift in Sources */ = {isa = PBXBuildFile; fileRef = 6F5A9DC928F5487A00A9AB50 /* SceneDelegate.swift */; };
		6F5A9DCC28F5487A00A9AB50 /* ViewController.swift in Sources */ = {isa = PBXBuildFile; fileRef = 6F5A9DCB28F5487A00A9AB50 /* ViewController.swift */; };
		6F5A9DCF28F5487A00A9AB50 /* Main.storyboard in Resources */ = {isa = PBXBuildFile; fileRef = 6F5A9DCD28F5487A00A9AB50 /* Main.storyboard */; };
		6F5A9DD128F5487C00A9AB50 /* Assets.xcassets in Resources */ = {isa = PBXBuildFile; fileRef = 6F5A9DD028F5487C00A9AB50 /* Assets.xcassets */; };
		6F5A9DD428F5487C00A9AB50 /* LaunchScreen.storyboard in Resources */ = {isa = PBXBuildFile; fileRef = 6F5A9DD228F5487C00A9AB50 /* LaunchScreen.storyboard */; };
		6F5A9DDF28F5487D00A9AB50 /* MVVM_CombineTests.swift in Sources */ = {isa = PBXBuildFile; fileRef = 6F5A9DDE28F5487D00A9AB50 /* MVVM_CombineTests.swift */; };
		6F5A9DE928F5487D00A9AB50 /* MVVM_CombineUITests.swift in Sources */ = {isa = PBXBuildFile; fileRef = 6F5A9DE828F5487D00A9AB50 /* MVVM_CombineUITests.swift */; };
		6F5A9DEB28F5487D00A9AB50 /* MVVM_CombineUITestsLaunchTests.swift in Sources */ = {isa = PBXBuildFile; fileRef = 6F5A9DEA28F5487D00A9AB50 /* MVVM_CombineUITestsLaunchTests.swift */; };
/* End PBXBuildFile section */

/* Begin PBXContainerItemProxy section */
		6F5A9DDB28F5487D00A9AB50 /* PBXContainerItemProxy */ = {
			isa = PBXContainerItemProxy;
			containerPortal = 6F5A9DBC28F5487A00A9AB50 /* Project object */;
			proxyType = 1;
			remoteGlobalIDString = 6F5A9DC328F5487A00A9AB50;
			remoteInfo = "MVVM-Combine";
		};
		6F5A9DE528F5487D00A9AB50 /* PBXContainerItemProxy */ = {
			isa = PBXContainerItemProxy;
			containerPortal = 6F5A9DBC28F5487A00A9AB50 /* Project object */;
			proxyType = 1;
			remoteGlobalIDString = 6F5A9DC328F5487A00A9AB50;
			remoteInfo = "MVVM-Combine";
		};
/* End PBXContainerItemProxy section */

/* Begin PBXFileReference section */
		6F5A9DC428F5487A00A9AB50 /* MVVM-Combine.app */ = {isa = PBXFileReference; explicitFileType = wrapper.application; includeInIndex = 0; path = "MVVM-Combine.app"; sourceTree = BUILT_PRODUCTS_DIR; };
		6F5A9DC728F5487A00A9AB50 /* AppDelegate.swift */ = {isa = PBXFileReference; lastKnownFileType = sourcecode.swift; path = AppDelegate.swift; sourceTree = "<group>"; };
		6F5A9DC928F5487A00A9AB50 /* SceneDelegate.swift */ = {isa = PBXFileReference; lastKnownFileType = sourcecode.swift; path = SceneDelegate.swift; sourceTree = "<group>"; };
		6F5A9DCB28F5487A00A9AB50 /* ViewController.swift */ = {isa = PBXFileReference; lastKnownFileType = sourcecode.swift; path = ViewController.swift; sourceTree = "<group>"; };
		6F5A9DCE28F5487A00A9AB50 /* Base */ = {isa = PBXFileReference; lastKnownFileType = file.storyboard; name = Base; path = Base.lproj/Main.storyboard; sourceTree = "<group>"; };
		6F5A9DD028F5487C00A9AB50 /* Assets.xcassets */ = {isa = PBXFileReference; lastKnownFileType = folder.assetcatalog; path = Assets.xcassets; sourceTree = "<group>"; };
		6F5A9DD328F5487C00A9AB50 /* Base */ = {isa = PBXFileReference; lastKnownFileType = file.storyboard; name = Base; path = Base.lproj/LaunchScreen.storyboard; sourceTree = "<group>"; };
		6F5A9DD528F5487C00A9AB50 /* Info.plist */ = {isa = PBXFileReference; lastKnownFileType = text.plist.xml; path = Info.plist; sourceTree = "<group>"; };
		6F5A9DDA28F5487D00A9AB50 /* MVVM-CombineTests.xctest */ = {isa = PBXFileReference; explicitFileType = wrapper.cfbundle; includeInIndex = 0; path = "MVVM-CombineTests.xctest"; sourceTree = BUILT_PRODUCTS_DIR; };
		6F5A9DDE28F5487D00A9AB50 /* MVVM_CombineTests.swift */ = {isa = PBXFileReference; lastKnownFileType = sourcecode.swift; path = MVVM_CombineTests.swift; sourceTree = "<group>"; };
		6F5A9DE428F5487D00A9AB50 /* MVVM-CombineUITests.xctest */ = {isa = PBXFileReference; explicitFileType = wrapper.cfbundle; includeInIndex = 0; path = "MVVM-CombineUITests.xctest"; sourceTree = BUILT_PRODUCTS_DIR; };
		6F5A9DE828F5487D00A9AB50 /* MVVM_CombineUITests.swift */ = {isa = PBXFileReference; lastKnownFileType = sourcecode.swift; path = MVVM_CombineUITests.swift; sourceTree = "<group>"; };
		6F5A9DEA28F5487D00A9AB50 /* MVVM_CombineUITestsLaunchTests.swift */ = {isa = PBXFileReference; lastKnownFileType = sourcecode.swift; path = MVVM_CombineUITestsLaunchTests.swift; sourceTree = "<group>"; };
/* End PBXFileReference section */

/* Begin PBXFrameworksBuildPhase section */
		6F5A9DC128F5487A00A9AB50 /* Frameworks */ = {
			isa = PBXFrameworksBuildPhase;
			buildActionMask = 2147483647;
			files = (
			);
			runOnlyForDeploymentPostprocessing = 0;
		};
		6F5A9DD728F5487D00A9AB50 /* Frameworks */ = {
			isa = PBXFrameworksBuildPhase;
			buildActionMask = 2147483647;
			files = (
			);
			runOnlyForDeploymentPostprocessing = 0;
		};
		6F5A9DE128F5487D00A9AB50 /* Frameworks */ = {
			isa = PBXFrameworksBuildPhase;
			buildActionMask = 2147483647;
			files = (
			);
			runOnlyForDeploymentPostprocessing = 0;
		};
/* End PBXFrameworksBuildPhase section */

/* Begin PBXGroup section */
		6F5A9DBB28F5487A00A9AB50 = {
			isa = PBXGroup;
			children = (
				6F5A9DC628F5487A00A9AB50 /* MVVM-Combine */,
				6F5A9DDD28F5487D00A9AB50 /* MVVM-CombineTests */,
				6F5A9DE728F5487D00A9AB50 /* MVVM-CombineUITests */,
				6F5A9DC528F5487A00A9AB50 /* Products */,
			);
			sourceTree = "<group>";
		};
		6F5A9DC528F5487A00A9AB50 /* Products */ = {
			isa = PBXGroup;
			children = (
				6F5A9DC428F5487A00A9AB50 /* MVVM-Combine.app */,
				6F5A9DDA28F5487D00A9AB50 /* MVVM-CombineTests.xctest */,
				6F5A9DE428F5487D00A9AB50 /* MVVM-CombineUITests.xctest */,
			);
			name = Products;
			sourceTree = "<group>";
		};
		6F5A9DC628F5487A00A9AB50 /* MVVM-Combine */ = {
			isa = PBXGroup;
			children = (
				6F5A9DC728F5487A00A9AB50 /* AppDelegate.swift */,
				6F5A9DC928F5487A00A9AB50 /* SceneDelegate.swift */,
				6F5A9DCB28F5487A00A9AB50 /* ViewController.swift */,
				6F5A9DCD28F5487A00A9AB50 /* Main.storyboard */,
				6F5A9DD028F5487C00A9AB50 /* Assets.xcassets */,
				6F5A9DD228F5487C00A9AB50 /* LaunchScreen.storyboard */,
				6F5A9DD528F5487C00A9AB50 /* Info.plist */,
			);
			path = "MVVM-Combine";
			sourceTree = "<group>";
		};
		6F5A9DDD28F5487D00A9AB50 /* MVVM-CombineTests */ = {
			isa = PBXGroup;
			children = (
				6F5A9DDE28F5487D00A9AB50 /* MVVM_CombineTests.swift */,
			);
			path = "MVVM-CombineTests";
			sourceTree = "<group>";
		};
		6F5A9DE728F5487D00A9AB50 /* MVVM-CombineUITests */ = {
			isa = PBXGroup;
			children = (
				6F5A9DE828F5487D00A9AB50 /* MVVM_CombineUITests.swift */,
				6F5A9DEA28F5487D00A9AB50 /* MVVM_CombineUITestsLaunchTests.swift */,
			);
			path = "MVVM-CombineUITests";
			sourceTree = "<group>";
		};
/* End PBXGroup section */

/* Begin PBXNativeTarget section */
		6F5A9DC328F5487A00A9AB50 /* MVVM-Combine */ = {
			isa = PBXNativeTarget;
			buildConfigurationList = 6F5A9DEE28F5487D00A9AB50 /* Build configuration list for PBXNativeTarget "MVVM-Combine" */;
			buildPhases = (
				6F5A9DC028F5487A00A9AB50 /* Sources */,
				6F5A9DC128F5487A00A9AB50 /* Frameworks */,
				6F5A9DC228F5487A00A9AB50 /* Resources */,
			);
			buildRules = (
			);
			dependencies = (
			);
			name = "MVVM-Combine";
			productName = "MVVM-Combine";
			productReference = 6F5A9DC428F5487A00A9AB50 /* MVVM-Combine.app */;
			productType = "com.apple.product-type.application";
		};
		6F5A9DD928F5487D00A9AB50 /* MVVM-CombineTests */ = {
			isa = PBXNativeTarget;
			buildConfigurationList = 6F5A9DF128F5487D00A9AB50 /* Build configuration list for PBXNativeTarget "MVVM-CombineTests" */;
			buildPhases = (
				6F5A9DD628F5487D00A9AB50 /* Sources */,
				6F5A9DD728F5487D00A9AB50 /* Frameworks */,
				6F5A9DD828F5487D00A9AB50 /* Resources */,
			);
			buildRules = (
			);
			dependencies = (
				6F5A9DDC28F5487D00A9AB50 /* PBXTargetDependency */,
			);
			name = "MVVM-CombineTests";
			productName = "MVVM-CombineTests";
			productReference = 6F5A9DDA28F5487D00A9AB50 /* MVVM-CombineTests.xctest */;
			productType = "com.apple.product-type.bundle.unit-test";
		};
		6F5A9DE328F5487D00A9AB50 /* MVVM-CombineUITests */ = {
			isa = PBXNativeTarget;
			buildConfigurationList = 6F5A9DF428F5487D00A9AB50 /* Build configuration list for PBXNativeTarget "MVVM-CombineUITests" */;
			buildPhases = (
				6F5A9DE028F5487D00A9AB50 /* Sources */,
				6F5A9DE128F5487D00A9AB50 /* Frameworks */,
				6F5A9DE228F5487D00A9AB50 /* Resources */,
			);
			buildRules = (
			);
			dependencies = (
				6F5A9DE628F5487D00A9AB50 /* PBXTargetDependency */,
			);
			name = "MVVM-CombineUITests";
			productName = "MVVM-CombineUITests";
			productReference = 6F5A9DE428F5487D00A9AB50 /* MVVM-CombineUITests.xctest */;
			productType = "com.apple.product-type.bundle.ui-testing";
		};
/* End PBXNativeTarget section */

/* Begin PBXProject section */
		6F5A9DBC28F5487A00A9AB50 /* Project object */ = {
			isa = PBXProject;
			attributes = {
				BuildIndependentTargetsInParallel = 1;
				LastSwiftUpdateCheck = 1340;
				LastUpgradeCheck = 1340;
				TargetAttributes = {
					6F5A9DC328F5487A00A9AB50 = {
						CreatedOnToolsVersion = 13.4.1;
					};
					6F5A9DD928F5487D00A9AB50 = {
						CreatedOnToolsVersion = 13.4.1;
						TestTargetID = 6F5A9DC328F5487A00A9AB50;
					};
					6F5A9DE328F5487D00A9AB50 = {
						CreatedOnToolsVersion = 13.4.1;
						TestTargetID = 6F5A9DC328F5487A00A9AB50;
					};
				};
			};
			buildConfigurationList = 6F5A9DBF28F5487A00A9AB50 /* Build configuration list for PBXProject "MVVM-Combine" */;
			compatibilityVersion = "Xcode 13.0";
			developmentRegion = en;
			hasScannedForEncodings = 0;
			knownRegions = (
				en,
				Base,
			);
			mainGroup = 6F5A9DBB28F5487A00A9AB50;
			productRefGroup = 6F5A9DC528F5487A00A9AB50 /* Products */;
			projectDirPath = "";
			projectRoot = "";
			targets = (
				6F5A9DC328F5487A00A9AB50 /* MVVM-Combine */,
				6F5A9DD928F5487D00A9AB50 /* MVVM-CombineTests */,
				6F5A9DE328F5487D00A9AB50 /* MVVM-CombineUITests */,
			);
		};
/* End PBXProject section */

/* Begin PBXResourcesBuildPhase section */
		6F5A9DC228F5487A00A9AB50 /* Resources */ = {
			isa = PBXResourcesBuildPhase;
			buildActionMask = 2147483647;
			files = (
				6F5A9DD428F5487C00A9AB50 /* LaunchScreen.storyboard in Resources */,
				6F5A9DD128F5487C00A9AB50 /* Assets.xcassets in Resources */,
				6F5A9DCF28F5487A00A9AB50 /* Main.storyboard in Resources */,
			);
			runOnlyForDeploymentPostprocessing = 0;
		};
		6F5A9DD828F5487D00A9AB50 /* Resources */ = {
			isa = PBXResourcesBuildPhase;
			buildActionMask = 2147483647;
			files = (
			);
			runOnlyForDeploymentPostprocessing = 0;
		};
		6F5A9DE228F5487D00A9AB50 /* Resources */ = {
			isa = PBXResourcesBuildPhase;
			buildActionMask = 2147483647;
			files = (
			);
			runOnlyForDeploymentPostprocessing = 0;
		};
/* End PBXResourcesBuildPhase section */

/* Begin PBXSourcesBuildPhase section */
		6F5A9DC028F5487A00A9AB50 /* Sources */ = {
			isa = PBXSourcesBuildPhase;
			buildActionMask = 2147483647;
			files = (
				6F5A9DCC28F5487A00A9AB50 /* ViewController.swift in Sources */,
				6F5A9DC828F5487A00A9AB50 /* AppDelegate.swift in Sources */,
				6F5A9DCA28F5487A00A9AB50 /* SceneDelegate.swift in Sources */,
			);
			runOnlyForDeploymentPostprocessing = 0;
		};
		6F5A9DD628F5487D00A9AB50 /* Sources */ = {
			isa = PBXSourcesBuildPhase;
			buildActionMask = 2147483647;
			files = (
				6F5A9DDF28F5487D00A9AB50 /* MVVM_CombineTests.swift in Sources */,
			);
			runOnlyForDeploymentPostprocessing = 0;
		};
		6F5A9DE028F5487D00A9AB50 /* Sources */ = {
			isa = PBXSourcesBuildPhase;
			buildActionMask = 2147483647;
			files = (
				6F5A9DEB28F5487D00A9AB50 /* MVVM_CombineUITestsLaunchTests.swift in Sources */,
				6F5A9DE928F5487D00A9AB50 /* MVVM_CombineUITests.swift in Sources */,
			);
			runOnlyForDeploymentPostprocessing = 0;
		};
/* End PBXSourcesBuildPhase section */

/* Begin PBXTargetDependency section */
		6F5A9DDC28F5487D00A9AB50 /* PBXTargetDependency */ = {
			isa = PBXTargetDependency;
			target = 6F5A9DC328F5487A00A9AB50 /* MVVM-Combine */;
			targetProxy = 6F5A9DDB28F5487D00A9AB50 /* PBXContainerItemProxy */;
		};
		6F5A9DE628F5487D00A9AB50 /* PBXTargetDependency */ = {
			isa = PBXTargetDependency;
			target = 6F5A9DC328F5487A00A9AB50 /* MVVM-Combine */;
			targetProxy = 6F5A9DE528F5487D00A9AB50 /* PBXContainerItemProxy */;
		};
/* End PBXTargetDependency section */

/* Begin PBXVariantGroup section */
		6F5A9DCD28F5487A00A9AB50 /* Main.storyboard */ = {
			isa = PBXVariantGroup;
			children = (
				6F5A9DCE28F5487A00A9AB50 /* Base */,
			);
			name = Main.storyboard;
			sourceTree = "<group>";
		};
		6F5A9DD228F5487C00A9AB50 /* LaunchScreen.storyboard */ = {
			isa = PBXVariantGroup;
			children = (
				6F5A9DD328F5487C00A9AB50 /* Base */,
			);
			name = LaunchScreen.storyboard;
			sourceTree = "<group>";
		};
/* End PBXVariantGroup section */

/* Begin XCBuildConfiguration section */
		6F5A9DEC28F5487D00A9AB50 /* Debug */ = {
			isa = XCBuildConfiguration;
			buildSettings = {
				ALWAYS_SEARCH_USER_PATHS = NO;
				CLANG_ANALYZER_NONNULL = YES;
				CLANG_ANALYZER_NUMBER_OBJECT_CONVERSION = YES_AGGRESSIVE;
				CLANG_CXX_LANGUAGE_STANDARD = "gnu++17";
				CLANG_ENABLE_MODULES = YES;
				CLANG_ENABLE_OBJC_ARC = YES;
				CLANG_ENABLE_OBJC_WEAK = YES;
				CLANG_WARN_BLOCK_CAPTURE_AUTORELEASING = YES;
				CLANG_WARN_BOOL_CONVERSION = YES;
				CLANG_WARN_COMMA = YES;
				CLANG_WARN_CONSTANT_CONVERSION = YES;
				CLANG_WARN_DEPRECATED_OBJC_IMPLEMENTATIONS = YES;
				CLANG_WARN_DIRECT_OBJC_ISA_USAGE = YES_ERROR;
				CLANG_WARN_DOCUMENTATION_COMMENTS = YES;
				CLANG_WARN_EMPTY_BODY = YES;
				CLANG_WARN_ENUM_CONVERSION = YES;
				CLANG_WARN_INFINITE_RECURSION = YES;
				CLANG_WARN_INT_CONVERSION = YES;
				CLANG_WARN_NON_LITERAL_NULL_CONVERSION = YES;
				CLANG_WARN_OBJC_IMPLICIT_RETAIN_SELF = YES;
				CLANG_WARN_OBJC_LITERAL_CONVERSION = YES;
				CLANG_WARN_OBJC_ROOT_CLASS = YES_ERROR;
				CLANG_WARN_QUOTED_INCLUDE_IN_FRAMEWORK_HEADER = YES;
				CLANG_WARN_RANGE_LOOP_ANALYSIS = YES;
				CLANG_WARN_STRICT_PROTOTYPES = YES;
				CLANG_WARN_SUSPICIOUS_MOVE = YES;
				CLANG_WARN_UNGUARDED_AVAILABILITY = YES_AGGRESSIVE;
				CLANG_WARN_UNREACHABLE_CODE = YES;
				CLANG_WARN__DUPLICATE_METHOD_MATCH = YES;
				COPY_PHASE_STRIP = NO;
				DEBUG_INFORMATION_FORMAT = dwarf;
				ENABLE_STRICT_OBJC_MSGSEND = YES;
				ENABLE_TESTABILITY = YES;
				GCC_C_LANGUAGE_STANDARD = gnu11;
				GCC_DYNAMIC_NO_PIC = NO;
				GCC_NO_COMMON_BLOCKS = YES;
				GCC_OPTIMIZATION_LEVEL = 0;
				GCC_PREPROCESSOR_DEFINITIONS = (
					"DEBUG=1",
					"$(inherited)",
				);
				GCC_WARN_64_TO_32_BIT_CONVERSION = YES;
				GCC_WARN_ABOUT_RETURN_TYPE = YES_ERROR;
				GCC_WARN_UNDECLARED_SELECTOR = YES;
				GCC_WARN_UNINITIALIZED_AUTOS = YES_AGGRESSIVE;
				GCC_WARN_UNUSED_FUNCTION = YES;
				GCC_WARN_UNUSED_VARIABLE = YES;
				IPHONEOS_DEPLOYMENT_TARGET = 15.5;
				MTL_ENABLE_DEBUG_INFO = INCLUDE_SOURCE;
				MTL_FAST_MATH = YES;
				ONLY_ACTIVE_ARCH = YES;
				SDKROOT = iphoneos;
				SWIFT_ACTIVE_COMPILATION_CONDITIONS = DEBUG;
				SWIFT_OPTIMIZATION_LEVEL = "-Onone";
			};
			name = Debug;
		};
		6F5A9DED28F5487D00A9AB50 /* Release */ = {
			isa = XCBuildConfiguration;
			buildSettings = {
				ALWAYS_SEARCH_USER_PATHS = NO;
				CLANG_ANALYZER_NONNULL = YES;
				CLANG_ANALYZER_NUMBER_OBJECT_CONVERSION = YES_AGGRESSIVE;
				CLANG_CXX_LANGUAGE_STANDARD = "gnu++17";
				CLANG_ENABLE_MODULES = YES;
				CLANG_ENABLE_OBJC_ARC = YES;
				CLANG_ENABLE_OBJC_WEAK = YES;
				CLANG_WARN_BLOCK_CAPTURE_AUTORELEASING = YES;
				CLANG_WARN_BOOL_CONVERSION = YES;
				CLANG_WARN_COMMA = YES;
				CLANG_WARN_CONSTANT_CONVERSION = YES;
				CLANG_WARN_DEPRECATED_OBJC_IMPLEMENTATIONS = YES;
				CLANG_WARN_DIRECT_OBJC_ISA_USAGE = YES_ERROR;
				CLANG_WARN_DOCUMENTATION_COMMENTS = YES;
				CLANG_WARN_EMPTY_BODY = YES;
				CLANG_WARN_ENUM_CONVERSION = YES;
				CLANG_WARN_INFINITE_RECURSION = YES;
				CLANG_WARN_INT_CONVERSION = YES;
				CLANG_WARN_NON_LITERAL_NULL_CONVERSION = YES;
				CLANG_WARN_OBJC_IMPLICIT_RETAIN_SELF = YES;
				CLANG_WARN_OBJC_LITERAL_CONVERSION = YES;
				CLANG_WARN_OBJC_ROOT_CLASS = YES_ERROR;
				CLANG_WARN_QUOTED_INCLUDE_IN_FRAMEWORK_HEADER = YES;
				CLANG_WARN_RANGE_LOOP_ANALYSIS = YES;
				CLANG_WARN_STRICT_PROTOTYPES = YES;
				CLANG_WARN_SUSPICIOUS_MOVE = YES;
				CLANG_WARN_UNGUARDED_AVAILABILITY = YES_AGGRESSIVE;
				CLANG_WARN_UNREACHABLE_CODE = YES;
				CLANG_WARN__DUPLICATE_METHOD_MATCH = YES;
				COPY_PHASE_STRIP = NO;
				DEBUG_INFORMATION_FORMAT = "dwarf-with-dsym";
				ENABLE_NS_ASSERTIONS = NO;
				ENABLE_STRICT_OBJC_MSGSEND = YES;
				GCC_C_LANGUAGE_STANDARD = gnu11;
				GCC_NO_COMMON_BLOCKS = YES;
				GCC_WARN_64_TO_32_BIT_CONVERSION = YES;
				GCC_WARN_ABOUT_RETURN_TYPE = YES_ERROR;
				GCC_WARN_UNDECLARED_SELECTOR = YES;
				GCC_WARN_UNINITIALIZED_AUTOS = YES_AGGRESSIVE;
				GCC_WARN_UNUSED_FUNCTION = YES;
				GCC_WARN_UNUSED_VARIABLE = YES;
				IPHONEOS_DEPLOYMENT_TARGET = 15.5;
				MTL_ENABLE_DEBUG_INFO = NO;
				MTL_FAST_MATH = YES;
				SDKROOT = iphoneos;
				SWIFT_COMPILATION_MODE = wholemodule;
				SWIFT_OPTIMIZATION_LEVEL = "-O";
				VALIDATE_PRODUCT = YES;
			};
			name = Release;
		};
		6F5A9DEF28F5487D00A9AB50 /* Debug */ = {
			isa = XCBuildConfiguration;
			buildSettings = {
				ASSETCATALOG_COMPILER_APPICON_NAME = AppIcon;
				ASSETCATALOG_COMPILER_GLOBAL_ACCENT_COLOR_NAME = AccentColor;
				CODE_SIGN_STYLE = Automatic;
				CURRENT_PROJECT_VERSION = 1;
				DEVELOPMENT_TEAM = 343VD96HAF;
				GENERATE_INFOPLIST_FILE = YES;
				INFOPLIST_FILE = "MVVM-Combine/Info.plist";
				INFOPLIST_KEY_UIApplicationSupportsIndirectInputEvents = YES;
				INFOPLIST_KEY_UILaunchStoryboardName = LaunchScreen;
				INFOPLIST_KEY_UIMainStoryboardFile = Main;
				INFOPLIST_KEY_UISupportedInterfaceOrientations_iPad = "UIInterfaceOrientationPortrait UIInterfaceOrientationPortraitUpsideDown UIInterfaceOrientationLandscapeLeft UIInterfaceOrientationLandscapeRight";
				INFOPLIST_KEY_UISupportedInterfaceOrientations_iPhone = "UIInterfaceOrientationPortrait UIInterfaceOrientationLandscapeLeft UIInterfaceOrientationLandscapeRight";
				LD_RUNPATH_SEARCH_PATHS = (
					"$(inherited)",
					"@executable_path/Frameworks",
				);
				MARKETING_VERSION = 1.0;
				PRODUCT_BUNDLE_IDENTIFIER = "test.co.nz.MVVM-Combine";
				PRODUCT_NAME = "$(TARGET_NAME)";
				SWIFT_EMIT_LOC_STRINGS = YES;
				SWIFT_VERSION = 5.0;
				TARGETED_DEVICE_FAMILY = "1,2";
			};
			name = Debug;
		};
		6F5A9DF028F5487D00A9AB50 /* Release */ = {
			isa = XCBuildConfiguration;
			buildSettings = {
				ASSETCATALOG_COMPILER_APPICON_NAME = AppIcon;
				ASSETCATALOG_COMPILER_GLOBAL_ACCENT_COLOR_NAME = AccentColor;
				CODE_SIGN_STYLE = Automatic;
				CURRENT_PROJECT_VERSION = 1;
				DEVELOPMENT_TEAM = 343VD96HAF;
				GENERATE_INFOPLIST_FILE = YES;
				INFOPLIST_FILE = "MVVM-Combine/Info.plist";
				INFOPLIST_KEY_UIApplicationSupportsIndirectInputEvents = YES;
				INFOPLIST_KEY_UILaunchStoryboardName = LaunchScreen;
				INFOPLIST_KEY_UIMainStoryboardFile = Main;
				INFOPLIST_KEY_UISupportedInterfaceOrientations_iPad = "UIInterfaceOrientationPortrait UIInterfaceOrientationPortraitUpsideDown UIInterfaceOrientationLandscapeLeft UIInterfaceOrientationLandscapeRight";
				INFOPLIST_KEY_UISupportedInterfaceOrientations_iPhone = "UIInterfaceOrientationPortrait UIInterfaceOrientationLandscapeLeft UIInterfaceOrientationLandscapeRight";
				LD_RUNPATH_SEARCH_PATHS = (
					"$(inherited)",
					"@executable_path/Frameworks",
				);
				MARKETING_VERSION = 1.0;
				PRODUCT_BUNDLE_IDENTIFIER = "test.co.nz.MVVM-Combine";
				PRODUCT_NAME = "$(TARGET_NAME)";
				SWIFT_EMIT_LOC_STRINGS = YES;
				SWIFT_VERSION = 5.0;
				TARGETED_DEVICE_FAMILY = "1,2";
			};
			name = Release;
		};
		6F5A9DF228F5487D00A9AB50 /* Debug */ = {
			isa = XCBuildConfiguration;
			buildSettings = {
				ALWAYS_EMBED_SWIFT_STANDARD_LIBRARIES = YES;
				BUNDLE_LOADER = "$(TEST_HOST)";
				CODE_SIGN_STYLE = Automatic;
				CURRENT_PROJECT_VERSION = 1;
				DEVELOPMENT_TEAM = 343VD96HAF;
				GENERATE_INFOPLIST_FILE = YES;
				IPHONEOS_DEPLOYMENT_TARGET = 15.5;
				MARKETING_VERSION = 1.0;
				PRODUCT_BUNDLE_IDENTIFIER = "test.co.nz.MVVM-CombineTests";
				PRODUCT_NAME = "$(TARGET_NAME)";
				SWIFT_EMIT_LOC_STRINGS = NO;
				SWIFT_VERSION = 5.0;
				TARGETED_DEVICE_FAMILY = "1,2";
				TEST_HOST = "$(BUILT_PRODUCTS_DIR)/MVVM-Combine.app/MVVM-Combine";
			};
			name = Debug;
		};
		6F5A9DF328F5487D00A9AB50 /* Release */ = {
			isa = XCBuildConfiguration;
			buildSettings = {
				ALWAYS_EMBED_SWIFT_STANDARD_LIBRARIES = YES;
				BUNDLE_LOADER = "$(TEST_HOST)";
				CODE_SIGN_STYLE = Automatic;
				CURRENT_PROJECT_VERSION = 1;
				DEVELOPMENT_TEAM = 343VD96HAF;
				GENERATE_INFOPLIST_FILE = YES;
				IPHONEOS_DEPLOYMENT_TARGET = 15.5;
				MARKETING_VERSION = 1.0;
				PRODUCT_BUNDLE_IDENTIFIER = "test.co.nz.MVVM-CombineTests";
				PRODUCT_NAME = "$(TARGET_NAME)";
				SWIFT_EMIT_LOC_STRINGS = NO;
				SWIFT_VERSION = 5.0;
				TARGETED_DEVICE_FAMILY = "1,2";
				TEST_HOST = "$(BUILT_PRODUCTS_DIR)/MVVM-Combine.app/MVVM-Combine";
			};
			name = Release;
		};
		6F5A9DF528F5487D00A9AB50 /* Debug */ = {
			isa = XCBuildConfiguration;
			buildSettings = {
				ALWAYS_EMBED_SWIFT_STANDARD_LIBRARIES = YES;
				CODE_SIGN_STYLE = Automatic;
				CURRENT_PROJECT_VERSION = 1;
				DEVELOPMENT_TEAM = 343VD96HAF;
				GENERATE_INFOPLIST_FILE = YES;
				MARKETING_VERSION = 1.0;
				PRODUCT_BUNDLE_IDENTIFIER = "test.co.nz.MVVM-CombineUITests";
				PRODUCT_NAME = "$(TARGET_NAME)";
				SWIFT_EMIT_LOC_STRINGS = NO;
				SWIFT_VERSION = 5.0;
				TARGETED_DEVICE_FAMILY = "1,2";
				TEST_TARGET_NAME = "MVVM-Combine";
			};
			name = Debug;
		};
		6F5A9DF628F5487D00A9AB50 /* Release */ = {
			isa = XCBuildConfiguration;
			buildSettings = {
				ALWAYS_EMBED_SWIFT_STANDARD_LIBRARIES = YES;
				CODE_SIGN_STYLE = Automatic;
				CURRENT_PROJECT_VERSION = 1;
				DEVELOPMENT_TEAM = 343VD96HAF;
				GENERATE_INFOPLIST_FILE = YES;
				MARKETING_VERSION = 1.0;
				PRODUCT_BUNDLE_IDENTIFIER = "test.co.nz.MVVM-CombineUITests";
				PRODUCT_NAME = "$(TARGET_NAME)";
				SWIFT_EMIT_LOC_STRINGS = NO;
				SWIFT_VERSION = 5.0;
				TARGETED_DEVICE_FAMILY = "1,2";
				TEST_TARGET_NAME = "MVVM-Combine";
			};
			name = Release;
		};
/* End XCBuildConfiguration section */

/* Begin XCConfigurationList section */
		6F5A9DBF28F5487A00A9AB50 /* Build configuration list for PBXProject "MVVM-Combine" */ = {
			isa = XCConfigurationList;
			buildConfigurations = (
				6F5A9DEC28F5487D00A9AB50 /* Debug */,
				6F5A9DED28F5487D00A9AB50 /* Release */,
			);
			defaultConfigurationIsVisible = 0;
			defaultConfigurationName = Release;
		};
		6F5A9DEE28F5487D00A9AB50 /* Build configuration list for PBXNativeTarget "MVVM-Combine" */ = {
			isa = XCConfigurationList;
			buildConfigurations = (
				6F5A9DEF28F5487D00A9AB50 /* Debug */,
				6F5A9DF028F5487D00A9AB50 /* Release */,
			);
			defaultConfigurationIsVisible = 0;
			defaultConfigurationName = Release;
		};
		6F5A9DF128F5487D00A9AB50 /* Build configuration list for PBXNativeTarget "MVVM-CombineTests" */ = {
			isa = XCConfigurationList;
			buildConfigurations = (
				6F5A9DF228F5487D00A9AB50 /* Debug */,
				6F5A9DF328F5487D00A9AB50 /* Release */,
			);
			defaultConfigurationIsVisible = 0;
			defaultConfigurationName = Release;
		};
		6F5A9DF428F5487D00A9AB50 /* Build configuration list for PBXNativeTarget "MVVM-CombineUITests" */ = {
			isa = XCConfigurationList;
			buildConfigurations = (
				6F5A9DF528F5487D00A9AB50 /* Debug */,
				6F5A9DF628F5487D00A9AB50 /* Release */,
			);
			defaultConfigurationIsVisible = 0;
			defaultConfigurationName = Release;
		};
/* End XCConfigurationList section */
	};
	rootObject = 6F5A9DBC28F5487A00A9AB50 /* Project object */;
}
